
Microsoft Visual Studio Solution File, Format Version 12.00
# Visual Studio Version 17
VisualStudioVersion = 17.7.34018.315
MinimumVisualStudioVersion = 10.0.40219.1
Project("{FAE04EC0-301F-11D3-BF4B-00C04F79EFBC}") = "ApiTarefas", "ApiTarefas\ApiTarefas.csproj", "{AC821E7E-A055-4034-9844-12E6C201AC5F}"
EndProject
Global
	GlobalSection(SolutionConfigurationPlatforms) = preSolution
		Debug|Any CPU = Debug|Any CPU
		Release|Any CPU = Release|Any CPU
	EndGlobalSection
	GlobalSection(ProjectConfigurationPlatforms) = postSolution
		{AC821E7E-A055-4034-9844-12E6C201AC5F}.Debug|Any CPU.ActiveCfg = Debug|Any CPU
		{AC821E7E-A055-4034-9844-12E6C201AC5F}.Debug|Any CPU.Build.0 = Debug|Any CPU
		{AC821E7E-A055-4034-9844-12E6C201AC5F}.Release|Any CPU.ActiveCfg = Release|Any CPU
		{AC821E7E-A055-4034-9844-12E6C201AC5F}.Release|Any CPU.Build.0 = Release|Any CPU
	EndGlobalSection
	GlobalSection(SolutionProperties) = preSolution
		HideSolutionNode = FALSE
	EndGlobalSection
	GlobalSection(ExtensibilityGlobals) = postSolution
		SolutionGuid = {97A2F2AA-BF16-4BFA-9199-B10C0A3D3521}
	EndGlobalSection
EndGlobal
